// !$*UTF8*$!
{
	archiveVersion = 1;
	classes = {
	};
	objectVersion = 55;
	objects = {

/* Begin PBXBuildFile section */
		AA02475F28A6063B004A7E41 /* NotificationView.swift in Sources */ = {isa = PBXBuildFile; fileRef = AA02475E28A6063B004A7E41 /* NotificationView.swift */; };
		AA02476228ACEAD4004A7E41 /* Realm in Frameworks */ = {isa = PBXBuildFile; productRef = AA02476128ACEAD4004A7E41 /* Realm */; };
		AA02476428ACEAD4004A7E41 /* RealmSwift in Frameworks */ = {isa = PBXBuildFile; productRef = AA02476328ACEAD4004A7E41 /* RealmSwift */; };
		AA02476728ACEC78004A7E41 /* MainContentView.swift in Sources */ = {isa = PBXBuildFile; fileRef = AA02476628ACEC78004A7E41 /* MainContentView.swift */; };
		AA02476928AD0D04004A7E41 /* AddToDoListScreen.swift in Sources */ = {isa = PBXBuildFile; fileRef = AA02476828AD0D04004A7E41 /* AddToDoListScreen.swift */; };
		AA02476C28ADD7CD004A7E41 /* ToDoShopingList.swift in Sources */ = {isa = PBXBuildFile; fileRef = AA02476B28ADD7CD004A7E41 /* ToDoShopingList.swift */; };
		AA02DD52289A398B007CB3BB /* To_Do_ListApp.swift in Sources */ = {isa = PBXBuildFile; fileRef = AA02DD51289A398B007CB3BB /* To_Do_ListApp.swift */; };
		AA02DD56289A3992007CB3BB /* Assets.xcassets in Resources */ = {isa = PBXBuildFile; fileRef = AA02DD55289A3992007CB3BB /* Assets.xcassets */; };
		AA02DD59289A3992007CB3BB /* Preview Assets.xcassets in Resources */ = {isa = PBXBuildFile; fileRef = AA02DD58289A3992007CB3BB /* Preview Assets.xcassets */; };
		AA02DD63289A3993007CB3BB /* To_Do_ListTests.swift in Sources */ = {isa = PBXBuildFile; fileRef = AA02DD62289A3993007CB3BB /* To_Do_ListTests.swift */; };
		AA02DD6D289A3993007CB3BB /* To_Do_ListUITests.swift in Sources */ = {isa = PBXBuildFile; fileRef = AA02DD6C289A3993007CB3BB /* To_Do_ListUITests.swift */; };
		AA02DD6F289A3993007CB3BB /* To_Do_ListUITestsLaunchTests.swift in Sources */ = {isa = PBXBuildFile; fileRef = AA02DD6E289A3993007CB3BB /* To_Do_ListUITestsLaunchTests.swift */; };
		AA02DD7D289A3B71007CB3BB /* ListView.swift in Sources */ = {isa = PBXBuildFile; fileRef = AA02DD7C289A3B71007CB3BB /* ListView.swift */; };
		AA02DD7F289A3DE9007CB3BB /* ListRowView.swift in Sources */ = {isa = PBXBuildFile; fileRef = AA02DD7E289A3DE9007CB3BB /* ListRowView.swift */; };
		AA02DD81289A4083007CB3BB /* AddView.swift in Sources */ = {isa = PBXBuildFile; fileRef = AA02DD80289A4083007CB3BB /* AddView.swift */; };
		AA02DD84289A441A007CB3BB /* ItemModel.swift in Sources */ = {isa = PBXBuildFile; fileRef = AA02DD83289A441A007CB3BB /* ItemModel.swift */; };
		AA02DD87289A4A41007CB3BB /* ListViewModel.swift in Sources */ = {isa = PBXBuildFile; fileRef = AA02DD86289A4A41007CB3BB /* ListViewModel.swift */; };
		AA02DD89289A6A32007CB3BB /* NoItemView.swift in Sources */ = {isa = PBXBuildFile; fileRef = AA02DD88289A6A32007CB3BB /* NoItemView.swift */; };
		AAE19DA628B4983B00143E71 /* TaskRow.swift in Sources */ = {isa = PBXBuildFile; fileRef = AAE19DA528B4983A00143E71 /* TaskRow.swift */; };
		AAE19DB328B4A09C00143E71 /* AddTaskView.swift in Sources */ = {isa = PBXBuildFile; fileRef = AAE19DAF28B4A09B00143E71 /* AddTaskView.swift */; };
		AAE19DB428B4A09C00143E71 /* ContentView.swift in Sources */ = {isa = PBXBuildFile; fileRef = AAE19DB028B4A09B00143E71 /* ContentView.swift */; };
		AAE19DB528B4A09C00143E71 /* TasksView.swift in Sources */ = {isa = PBXBuildFile; fileRef = AAE19DB128B4A09C00143E71 /* TasksView.swift */; };
		AAE19DB628B4A09C00143E71 /* SmallAddButton.swift in Sources */ = {isa = PBXBuildFile; fileRef = AAE19DB228B4A09C00143E71 /* SmallAddButton.swift */; };
		AAE19DC028B898E900143E71 /* UpdateTask.swift in Sources */ = {isa = PBXBuildFile; fileRef = AAE19DBF28B898E900143E71 /* UpdateTask.swift */; };
		AAEA6BB928B09D92007EA6EB /* RealmManager.swift in Sources */ = {isa = PBXBuildFile; fileRef = AAEA6BB828B09D92007EA6EB /* RealmManager.swift */; };
		AAEA6BBB28B09DC9007EA6EB /* Task.swift in Sources */ = {isa = PBXBuildFile; fileRef = AAEA6BBA28B09DC9007EA6EB /* Task.swift */; };
/* End PBXBuildFile section */

/* Begin PBXContainerItemProxy section */
		AA02DD5F289A3993007CB3BB /* PBXContainerItemProxy */ = {
			isa = PBXContainerItemProxy;
			containerPortal = AA02DD46289A398B007CB3BB /* Project object */;
			proxyType = 1;
			remoteGlobalIDString = AA02DD4D289A398B007CB3BB;
			remoteInfo = "To-Do List";
		};
		AA02DD69289A3993007CB3BB /* PBXContainerItemProxy */ = {
			isa = PBXContainerItemProxy;
			containerPortal = AA02DD46289A398B007CB3BB /* Project object */;
			proxyType = 1;
			remoteGlobalIDString = AA02DD4D289A398B007CB3BB;
			remoteInfo = "To-Do List";
		};
/* End PBXContainerItemProxy section */

/* Begin PBXFileReference section */
		AA02475E28A6063B004A7E41 /* NotificationView.swift */ = {isa = PBXFileReference; lastKnownFileType = sourcecode.swift; path = NotificationView.swift; sourceTree = "<group>"; };
		AA02476628ACEC78004A7E41 /* MainContentView.swift */ = {isa = PBXFileReference; lastKnownFileType = sourcecode.swift; path = MainContentView.swift; sourceTree = "<group>"; };
		AA02476828AD0D04004A7E41 /* AddToDoListScreen.swift */ = {isa = PBXFileReference; lastKnownFileType = sourcecode.swift; path = AddToDoListScreen.swift; sourceTree = "<group>"; };
		AA02476B28ADD7CD004A7E41 /* ToDoShopingList.swift */ = {isa = PBXFileReference; lastKnownFileType = sourcecode.swift; path = ToDoShopingList.swift; sourceTree = "<group>"; };
		AA02DD4E289A398B007CB3BB /* To-Do List.app */ = {isa = PBXFileReference; explicitFileType = wrapper.application; includeInIndex = 0; path = "To-Do List.app"; sourceTree = BUILT_PRODUCTS_DIR; };
		AA02DD51289A398B007CB3BB /* To_Do_ListApp.swift */ = {isa = PBXFileReference; lastKnownFileType = sourcecode.swift; path = To_Do_ListApp.swift; sourceTree = "<group>"; };
		AA02DD55289A3992007CB3BB /* Assets.xcassets */ = {isa = PBXFileReference; lastKnownFileType = folder.assetcatalog; path = Assets.xcassets; sourceTree = "<group>"; };
		AA02DD58289A3992007CB3BB /* Preview Assets.xcassets */ = {isa = PBXFileReference; lastKnownFileType = folder.assetcatalog; path = "Preview Assets.xcassets"; sourceTree = "<group>"; };
		AA02DD5E289A3993007CB3BB /* To-Do ListTests.xctest */ = {isa = PBXFileReference; explicitFileType = wrapper.cfbundle; includeInIndex = 0; path = "To-Do ListTests.xctest"; sourceTree = BUILT_PRODUCTS_DIR; };
		AA02DD62289A3993007CB3BB /* To_Do_ListTests.swift */ = {isa = PBXFileReference; lastKnownFileType = sourcecode.swift; path = To_Do_ListTests.swift; sourceTree = "<group>"; };
		AA02DD68289A3993007CB3BB /* To-Do ListUITests.xctest */ = {isa = PBXFileReference; explicitFileType = wrapper.cfbundle; includeInIndex = 0; path = "To-Do ListUITests.xctest"; sourceTree = BUILT_PRODUCTS_DIR; };
		AA02DD6C289A3993007CB3BB /* To_Do_ListUITests.swift */ = {isa = PBXFileReference; lastKnownFileType = sourcecode.swift; path = To_Do_ListUITests.swift; sourceTree = "<group>"; };
		AA02DD6E289A3993007CB3BB /* To_Do_ListUITestsLaunchTests.swift */ = {isa = PBXFileReference; lastKnownFileType = sourcecode.swift; path = To_Do_ListUITestsLaunchTests.swift; sourceTree = "<group>"; };
		AA02DD7C289A3B71007CB3BB /* ListView.swift */ = {isa = PBXFileReference; lastKnownFileType = sourcecode.swift; path = ListView.swift; sourceTree = "<group>"; };
		AA02DD7E289A3DE9007CB3BB /* ListRowView.swift */ = {isa = PBXFileReference; lastKnownFileType = sourcecode.swift; path = ListRowView.swift; sourceTree = "<group>"; };
		AA02DD80289A4083007CB3BB /* AddView.swift */ = {isa = PBXFileReference; lastKnownFileType = sourcecode.swift; path = AddView.swift; sourceTree = "<group>"; };
		AA02DD83289A441A007CB3BB /* ItemModel.swift */ = {isa = PBXFileReference; lastKnownFileType = sourcecode.swift; path = ItemModel.swift; sourceTree = "<group>"; };
		AA02DD86289A4A41007CB3BB /* ListViewModel.swift */ = {isa = PBXFileReference; lastKnownFileType = sourcecode.swift; path = ListViewModel.swift; sourceTree = "<group>"; };
		AA02DD88289A6A32007CB3BB /* NoItemView.swift */ = {isa = PBXFileReference; lastKnownFileType = sourcecode.swift; path = NoItemView.swift; sourceTree = "<group>"; };
		AAE19DA528B4983A00143E71 /* TaskRow.swift */ = {isa = PBXFileReference; lastKnownFileType = sourcecode.swift; path = TaskRow.swift; sourceTree = "<group>"; };
		AAE19DAF28B4A09B00143E71 /* AddTaskView.swift */ = {isa = PBXFileReference; fileEncoding = 4; lastKnownFileType = sourcecode.swift; path = AddTaskView.swift; sourceTree = "<group>"; };
		AAE19DB028B4A09B00143E71 /* ContentView.swift */ = {isa = PBXFileReference; fileEncoding = 4; lastKnownFileType = sourcecode.swift; path = ContentView.swift; sourceTree = "<group>"; };
		AAE19DB128B4A09C00143E71 /* TasksView.swift */ = {isa = PBXFileReference; fileEncoding = 4; lastKnownFileType = sourcecode.swift; path = TasksView.swift; sourceTree = "<group>"; };
		AAE19DB228B4A09C00143E71 /* SmallAddButton.swift */ = {isa = PBXFileReference; fileEncoding = 4; lastKnownFileType = sourcecode.swift; path = SmallAddButton.swift; sourceTree = "<group>"; };
		AAE19DBF28B898E900143E71 /* UpdateTask.swift */ = {isa = PBXFileReference; lastKnownFileType = sourcecode.swift; path = UpdateTask.swift; sourceTree = "<group>"; };
		AAEA6BB828B09D92007EA6EB /* RealmManager.swift */ = {isa = PBXFileReference; lastKnownFileType = sourcecode.swift; path = RealmManager.swift; sourceTree = "<group>"; };
		AAEA6BBA28B09DC9007EA6EB /* Task.swift */ = {isa = PBXFileReference; lastKnownFileType = sourcecode.swift; path = Task.swift; sourceTree = "<group>"; };
/* End PBXFileReference section */

/* Begin PBXFrameworksBuildPhase section */
		AA02DD4B289A398B007CB3BB /* Frameworks */ = {
			isa = PBXFrameworksBuildPhase;
			buildActionMask = 2147483647;
			files = (
				AA02476428ACEAD4004A7E41 /* RealmSwift in Frameworks */,
				AA02476228ACEAD4004A7E41 /* Realm in Frameworks */,
			);
			runOnlyForDeploymentPostprocessing = 0;
		};
		AA02DD5B289A3993007CB3BB /* Frameworks */ = {
			isa = PBXFrameworksBuildPhase;
			buildActionMask = 2147483647;
			files = (
			);
			runOnlyForDeploymentPostprocessing = 0;
		};
		AA02DD65289A3993007CB3BB /* Frameworks */ = {
			isa = PBXFrameworksBuildPhase;
			buildActionMask = 2147483647;
			files = (
			);
			runOnlyForDeploymentPostprocessing = 0;
		};
/* End PBXFrameworksBuildPhase section */

/* Begin PBXGroup section */
		AA02476528ACEC2E004A7E41 /* Realm */ = {
			isa = PBXGroup;
			children = (
				AA02476D28ADD7D8004A7E41 /* Views */,
				AA02476A28ADD7A4004A7E41 /* Models */,
				AA02DD55289A3992007CB3BB /* Assets.xcassets */,
			);
			path = Realm;
			sourceTree = "<group>";
		};
		AA02476A28ADD7A4004A7E41 /* Models */ = {
			isa = PBXGroup;
			children = (
				AA02476B28ADD7CD004A7E41 /* ToDoShopingList.swift */,
			);
			path = Models;
			sourceTree = "<group>";
		};
		AA02476D28ADD7D8004A7E41 /* Views */ = {
			isa = PBXGroup;
			children = (
				AA02476828AD0D04004A7E41 /* AddToDoListScreen.swift */,
				AA02476628ACEC78004A7E41 /* MainContentView.swift */,
				AA02DD51289A398B007CB3BB /* To_Do_ListApp.swift */,
			);
			path = Views;
			sourceTree = "<group>";
		};
		AA02DD45289A398B007CB3BB = {
			isa = PBXGroup;
			children = (
				AA02DD50289A398B007CB3BB /* To-Do List */,
				AA02DD61289A3993007CB3BB /* To-Do ListTests */,
				AA02DD6B289A3993007CB3BB /* To-Do ListUITests */,
				AA02DD4F289A398B007CB3BB /* Products */,
			);
			sourceTree = "<group>";
		};
		AA02DD4F289A398B007CB3BB /* Products */ = {
			isa = PBXGroup;
			children = (
				AA02DD4E289A398B007CB3BB /* To-Do List.app */,
				AA02DD5E289A3993007CB3BB /* To-Do ListTests.xctest */,
				AA02DD68289A3993007CB3BB /* To-Do ListUITests.xctest */,
			);
			name = Products;
			sourceTree = "<group>";
		};
		AA02DD50289A398B007CB3BB /* To-Do List */ = {
			isa = PBXGroup;
			children = (
				AA02DD85289A4A0A007CB3BB /* ViewModels */,
				AA02DD82289A43F7007CB3BB /* Models */,
				AA02DD7B289A3A90007CB3BB /* Views */,
				AA02476528ACEC2E004A7E41 /* Realm */,
				AA02DD57289A3992007CB3BB /* Preview Content */,
			);
			path = "To-Do List";
			sourceTree = "<group>";
		};
		AA02DD57289A3992007CB3BB /* Preview Content */ = {
			isa = PBXGroup;
			children = (
				AA02DD58289A3992007CB3BB /* Preview Assets.xcassets */,
			);
			path = "Preview Content";
			sourceTree = "<group>";
		};
		AA02DD61289A3993007CB3BB /* To-Do ListTests */ = {
			isa = PBXGroup;
			children = (
				AA02DD62289A3993007CB3BB /* To_Do_ListTests.swift */,
			);
			path = "To-Do ListTests";
			sourceTree = "<group>";
		};
		AA02DD6B289A3993007CB3BB /* To-Do ListUITests */ = {
			isa = PBXGroup;
			children = (
				AA02DD6C289A3993007CB3BB /* To_Do_ListUITests.swift */,
				AA02DD6E289A3993007CB3BB /* To_Do_ListUITestsLaunchTests.swift */,
			);
			path = "To-Do ListUITests";
			sourceTree = "<group>";
		};
		AA02DD7B289A3A90007CB3BB /* Views */ = {
			isa = PBXGroup;
			children = (
				AA02DD7C289A3B71007CB3BB /* ListView.swift */,
				AA02DD80289A4083007CB3BB /* AddView.swift */,
				AA02DD7E289A3DE9007CB3BB /* ListRowView.swift */,
				AAE19DAF28B4A09B00143E71 /* AddTaskView.swift */,
				AAE19DB028B4A09B00143E71 /* ContentView.swift */,
				AAE19DB228B4A09C00143E71 /* SmallAddButton.swift */,
				AAE19DB128B4A09C00143E71 /* TasksView.swift */,
				AA02DD88289A6A32007CB3BB /* NoItemView.swift */,
				AA02475E28A6063B004A7E41 /* NotificationView.swift */,
				AAE19DA528B4983A00143E71 /* TaskRow.swift */,
				AAE19DBF28B898E900143E71 /* UpdateTask.swift */,
			);
			path = Views;
			sourceTree = "<group>";
		};
		AA02DD82289A43F7007CB3BB /* Models */ = {
			isa = PBXGroup;
			children = (
				AA02DD83289A441A007CB3BB /* ItemModel.swift */,
				AAEA6BB828B09D92007EA6EB /* RealmManager.swift */,
				AAEA6BBA28B09DC9007EA6EB /* Task.swift */,
			);
			path = Models;
			sourceTree = "<group>";
		};
		AA02DD85289A4A0A007CB3BB /* ViewModels */ = {
			isa = PBXGroup;
			children = (
				AA02DD86289A4A41007CB3BB /* ListViewModel.swift */,
			);
			path = ViewModels;
			sourceTree = "<group>";
		};
/* End PBXGroup section */

/* Begin PBXNativeTarget section */
		AA02DD4D289A398B007CB3BB /* To-Do List */ = {
			isa = PBXNativeTarget;
			buildConfigurationList = AA02DD72289A3993007CB3BB /* Build configuration list for PBXNativeTarget "To-Do List" */;
			buildPhases = (
				AA02DD4A289A398B007CB3BB /* Sources */,
				AA02DD4B289A398B007CB3BB /* Frameworks */,
				AA02DD4C289A398B007CB3BB /* Resources */,
			);
			buildRules = (
			);
			dependencies = (
			);
			name = "To-Do List";
			packageProductDependencies = (
				AA02476128ACEAD4004A7E41 /* Realm */,
				AA02476328ACEAD4004A7E41 /* RealmSwift */,
			);
			productName = "To-Do List";
			productReference = AA02DD4E289A398B007CB3BB /* To-Do List.app */;
			productType = "com.apple.product-type.application";
		};
		AA02DD5D289A3993007CB3BB /* To-Do ListTests */ = {
			isa = PBXNativeTarget;
			buildConfigurationList = AA02DD75289A3993007CB3BB /* Build configuration list for PBXNativeTarget "To-Do ListTests" */;
			buildPhases = (
				AA02DD5A289A3993007CB3BB /* Sources */,
				AA02DD5B289A3993007CB3BB /* Frameworks */,
				AA02DD5C289A3993007CB3BB /* Resources */,
			);
			buildRules = (
			);
			dependencies = (
				AA02DD60289A3993007CB3BB /* PBXTargetDependency */,
			);
			name = "To-Do ListTests";
			productName = "To-Do ListTests";
			productReference = AA02DD5E289A3993007CB3BB /* To-Do ListTests.xctest */;
			productType = "com.apple.product-type.bundle.unit-test";
		};
		AA02DD67289A3993007CB3BB /* To-Do ListUITests */ = {
			isa = PBXNativeTarget;
			buildConfigurationList = AA02DD78289A3993007CB3BB /* Build configuration list for PBXNativeTarget "To-Do ListUITests" */;
			buildPhases = (
				AA02DD64289A3993007CB3BB /* Sources */,
				AA02DD65289A3993007CB3BB /* Frameworks */,
				AA02DD66289A3993007CB3BB /* Resources */,
			);
			buildRules = (
			);
			dependencies = (
				AA02DD6A289A3993007CB3BB /* PBXTargetDependency */,
			);
			name = "To-Do ListUITests";
			productName = "To-Do ListUITests";
			productReference = AA02DD68289A3993007CB3BB /* To-Do ListUITests.xctest */;
			productType = "com.apple.product-type.bundle.ui-testing";
		};
/* End PBXNativeTarget section */

/* Begin PBXProject section */
		AA02DD46289A398B007CB3BB /* Project object */ = {
			isa = PBXProject;
			attributes = {
				BuildIndependentTargetsInParallel = 1;
				LastSwiftUpdateCheck = 1340;
				LastUpgradeCheck = 1340;
				TargetAttributes = {
					AA02DD4D289A398B007CB3BB = {
						CreatedOnToolsVersion = 13.4.1;
					};
					AA02DD5D289A3993007CB3BB = {
						CreatedOnToolsVersion = 13.4.1;
						TestTargetID = AA02DD4D289A398B007CB3BB;
					};
					AA02DD67289A3993007CB3BB = {
						CreatedOnToolsVersion = 13.4.1;
						TestTargetID = AA02DD4D289A398B007CB3BB;
					};
				};
			};
			buildConfigurationList = AA02DD49289A398B007CB3BB /* Build configuration list for PBXProject "To-Do List" */;
			compatibilityVersion = "Xcode 13.0";
			developmentRegion = en;
			hasScannedForEncodings = 0;
			knownRegions = (
				en,
				Base,
			);
			mainGroup = AA02DD45289A398B007CB3BB;
			packageReferences = (
				AA02476028ACEAD4004A7E41 /* XCRemoteSwiftPackageReference "realm-swift" */,
			);
			productRefGroup = AA02DD4F289A398B007CB3BB /* Products */;
			projectDirPath = "";
			projectRoot = "";
			targets = (
				AA02DD4D289A398B007CB3BB /* To-Do List */,
				AA02DD5D289A3993007CB3BB /* To-Do ListTests */,
				AA02DD67289A3993007CB3BB /* To-Do ListUITests */,
			);
		};
/* End PBXProject section */

/* Begin PBXResourcesBuildPhase section */
		AA02DD4C289A398B007CB3BB /* Resources */ = {
			isa = PBXResourcesBuildPhase;
			buildActionMask = 2147483647;
			files = (
				AA02DD59289A3992007CB3BB /* Preview Assets.xcassets in Resources */,
				AA02DD56289A3992007CB3BB /* Assets.xcassets in Resources */,
			);
			runOnlyForDeploymentPostprocessing = 0;
		};
		AA02DD5C289A3993007CB3BB /* Resources */ = {
			isa = PBXResourcesBuildPhase;
			buildActionMask = 2147483647;
			files = (
			);
			runOnlyForDeploymentPostprocessing = 0;
		};
		AA02DD66289A3993007CB3BB /* Resources */ = {
			isa = PBXResourcesBuildPhase;
			buildActionMask = 2147483647;
			files = (
			);
			runOnlyForDeploymentPostprocessing = 0;
		};
/* End PBXResourcesBuildPhase section */

/* Begin PBXSourcesBuildPhase section */
		AA02DD4A289A398B007CB3BB /* Sources */ = {
			isa = PBXSourcesBuildPhase;
			buildActionMask = 2147483647;
			files = (
				AA02DD84289A441A007CB3BB /* ItemModel.swift in Sources */,
				AA02DD89289A6A32007CB3BB /* NoItemView.swift in Sources */,
				AAE19DB428B4A09C00143E71 /* ContentView.swift in Sources */,
				AAE19DB628B4A09C00143E71 /* SmallAddButton.swift in Sources */,
				AA02DD81289A4083007CB3BB /* AddView.swift in Sources */,
				AA02476928AD0D04004A7E41 /* AddToDoListScreen.swift in Sources */,
				AA02475F28A6063B004A7E41 /* NotificationView.swift in Sources */,
				AAE19DA628B4983B00143E71 /* TaskRow.swift in Sources */,
				AAE19DB528B4A09C00143E71 /* TasksView.swift in Sources */,
				AAE19DB328B4A09C00143E71 /* AddTaskView.swift in Sources */,
				AAEA6BB928B09D92007EA6EB /* RealmManager.swift in Sources */,
				AA02DD87289A4A41007CB3BB /* ListViewModel.swift in Sources */,
				AA02476728ACEC78004A7E41 /* MainContentView.swift in Sources */,
				AAEA6BBB28B09DC9007EA6EB /* Task.swift in Sources */,
				AA02DD52289A398B007CB3BB /* To_Do_ListApp.swift in Sources */,
				AA02DD7D289A3B71007CB3BB /* ListView.swift in Sources */,
				AAE19DC028B898E900143E71 /* UpdateTask.swift in Sources */,
				AA02476C28ADD7CD004A7E41 /* ToDoShopingList.swift in Sources */,
				AA02DD7F289A3DE9007CB3BB /* ListRowView.swift in Sources */,
			);
			runOnlyForDeploymentPostprocessing = 0;
		};
		AA02DD5A289A3993007CB3BB /* Sources */ = {
			isa = PBXSourcesBuildPhase;
			buildActionMask = 2147483647;
			files = (
				AA02DD63289A3993007CB3BB /* To_Do_ListTests.swift in Sources */,
			);
			runOnlyForDeploymentPostprocessing = 0;
		};
		AA02DD64289A3993007CB3BB /* Sources */ = {
			isa = PBXSourcesBuildPhase;
			buildActionMask = 2147483647;
			files = (
				AA02DD6F289A3993007CB3BB /* To_Do_ListUITestsLaunchTests.swift in Sources */,
				AA02DD6D289A3993007CB3BB /* To_Do_ListUITests.swift in Sources */,
			);
			runOnlyForDeploymentPostprocessing = 0;
		};
/* End PBXSourcesBuildPhase section */

/* Begin PBXTargetDependency section */
		AA02DD60289A3993007CB3BB /* PBXTargetDependency */ = {
			isa = PBXTargetDependency;
			target = AA02DD4D289A398B007CB3BB /* To-Do List */;
			targetProxy = AA02DD5F289A3993007CB3BB /* PBXContainerItemProxy */;
		};
		AA02DD6A289A3993007CB3BB /* PBXTargetDependency */ = {
			isa = PBXTargetDependency;
			target = AA02DD4D289A398B007CB3BB /* To-Do List */;
			targetProxy = AA02DD69289A3993007CB3BB /* PBXContainerItemProxy */;
		};
/* End PBXTargetDependency section */

/* Begin XCBuildConfiguration section */
		AA02DD70289A3993007CB3BB /* Debug */ = {
			isa = XCBuildConfiguration;
			buildSettings = {
				ALWAYS_SEARCH_USER_PATHS = NO;
				CLANG_ANALYZER_NONNULL = YES;
				CLANG_ANALYZER_NUMBER_OBJECT_CONVERSION = YES_AGGRESSIVE;
				CLANG_CXX_LANGUAGE_STANDARD = "gnu++17";
				CLANG_ENABLE_MODULES = YES;
				CLANG_ENABLE_OBJC_ARC = YES;
				CLANG_ENABLE_OBJC_WEAK = YES;
				CLANG_WARN_BLOCK_CAPTURE_AUTORELEASING = YES;
				CLANG_WARN_BOOL_CONVERSION = YES;
				CLANG_WARN_COMMA = YES;
				CLANG_WARN_CONSTANT_CONVERSION = YES;
				CLANG_WARN_DEPRECATED_OBJC_IMPLEMENTATIONS = YES;
				CLANG_WARN_DIRECT_OBJC_ISA_USAGE = YES_ERROR;
				CLANG_WARN_DOCUMENTATION_COMMENTS = YES;
				CLANG_WARN_EMPTY_BODY = YES;
				CLANG_WARN_ENUM_CONVERSION = YES;
				CLANG_WARN_INFINITE_RECURSION = YES;
				CLANG_WARN_INT_CONVERSION = YES;
				CLANG_WARN_NON_LITERAL_NULL_CONVERSION = YES;
				CLANG_WARN_OBJC_IMPLICIT_RETAIN_SELF = YES;
				CLANG_WARN_OBJC_LITERAL_CONVERSION = YES;
				CLANG_WARN_OBJC_ROOT_CLASS = YES_ERROR;
				CLANG_WARN_QUOTED_INCLUDE_IN_FRAMEWORK_HEADER = YES;
				CLANG_WARN_RANGE_LOOP_ANALYSIS = YES;
				CLANG_WARN_STRICT_PROTOTYPES = YES;
				CLANG_WARN_SUSPICIOUS_MOVE = YES;
				CLANG_WARN_UNGUARDED_AVAILABILITY = YES_AGGRESSIVE;
				CLANG_WARN_UNREACHABLE_CODE = YES;
				CLANG_WARN__DUPLICATE_METHOD_MATCH = YES;
				COPY_PHASE_STRIP = NO;
				DEBUG_INFORMATION_FORMAT = dwarf;
				ENABLE_STRICT_OBJC_MSGSEND = YES;
				ENABLE_TESTABILITY = YES;
				GCC_C_LANGUAGE_STANDARD = gnu11;
				GCC_DYNAMIC_NO_PIC = NO;
				GCC_NO_COMMON_BLOCKS = YES;
				GCC_OPTIMIZATION_LEVEL = 0;
				GCC_PREPROCESSOR_DEFINITIONS = (
					"DEBUG=1",
					"$(inherited)",
				);
				GCC_WARN_64_TO_32_BIT_CONVERSION = YES;
				GCC_WARN_ABOUT_RETURN_TYPE = YES_ERROR;
				GCC_WARN_UNDECLARED_SELECTOR = YES;
				GCC_WARN_UNINITIALIZED_AUTOS = YES_AGGRESSIVE;
				GCC_WARN_UNUSED_FUNCTION = YES;
				GCC_WARN_UNUSED_VARIABLE = YES;
				IPHONEOS_DEPLOYMENT_TARGET = 15.5;
				MTL_ENABLE_DEBUG_INFO = INCLUDE_SOURCE;
				MTL_FAST_MATH = YES;
				ONLY_ACTIVE_ARCH = YES;
				SDKROOT = iphoneos;
				SWIFT_ACTIVE_COMPILATION_CONDITIONS = DEBUG;
				SWIFT_OPTIMIZATION_LEVEL = "-Onone";
			};
			name = Debug;
		};
		AA02DD71289A3993007CB3BB /* Release */ = {
			isa = XCBuildConfiguration;
			buildSettings = {
				ALWAYS_SEARCH_USER_PATHS = NO;
				CLANG_ANALYZER_NONNULL = YES;
				CLANG_ANALYZER_NUMBER_OBJECT_CONVERSION = YES_AGGRESSIVE;
				CLANG_CXX_LANGUAGE_STANDARD = "gnu++17";
				CLANG_ENABLE_MODULES = YES;
				CLANG_ENABLE_OBJC_ARC = YES;
				CLANG_ENABLE_OBJC_WEAK = YES;
				CLANG_WARN_BLOCK_CAPTURE_AUTORELEASING = YES;
				CLANG_WARN_BOOL_CONVERSION = YES;
				CLANG_WARN_COMMA = YES;
				CLANG_WARN_CONSTANT_CONVERSION = YES;
				CLANG_WARN_DEPRECATED_OBJC_IMPLEMENTATIONS = YES;
				CLANG_WARN_DIRECT_OBJC_ISA_USAGE = YES_ERROR;
				CLANG_WARN_DOCUMENTATION_COMMENTS = YES;
				CLANG_WARN_EMPTY_BODY = YES;
				CLANG_WARN_ENUM_CONVERSION = YES;
				CLANG_WARN_INFINITE_RECURSION = YES;
				CLANG_WARN_INT_CONVERSION = YES;
				CLANG_WARN_NON_LITERAL_NULL_CONVERSION = YES;
				CLANG_WARN_OBJC_IMPLICIT_RETAIN_SELF = YES;
				CLANG_WARN_OBJC_LITERAL_CONVERSION = YES;
				CLANG_WARN_OBJC_ROOT_CLASS = YES_ERROR;
				CLANG_WARN_QUOTED_INCLUDE_IN_FRAMEWORK_HEADER = YES;
				CLANG_WARN_RANGE_LOOP_ANALYSIS = YES;
				CLANG_WARN_STRICT_PROTOTYPES = YES;
				CLANG_WARN_SUSPICIOUS_MOVE = YES;
				CLANG_WARN_UNGUARDED_AVAILABILITY = YES_AGGRESSIVE;
				CLANG_WARN_UNREACHABLE_CODE = YES;
				CLANG_WARN__DUPLICATE_METHOD_MATCH = YES;
				COPY_PHASE_STRIP = NO;
				DEBUG_INFORMATION_FORMAT = "dwarf-with-dsym";
				ENABLE_NS_ASSERTIONS = NO;
				ENABLE_STRICT_OBJC_MSGSEND = YES;
				GCC_C_LANGUAGE_STANDARD = gnu11;
				GCC_NO_COMMON_BLOCKS = YES;
				GCC_WARN_64_TO_32_BIT_CONVERSION = YES;
				GCC_WARN_ABOUT_RETURN_TYPE = YES_ERROR;
				GCC_WARN_UNDECLARED_SELECTOR = YES;
				GCC_WARN_UNINITIALIZED_AUTOS = YES_AGGRESSIVE;
				GCC_WARN_UNUSED_FUNCTION = YES;
				GCC_WARN_UNUSED_VARIABLE = YES;
				IPHONEOS_DEPLOYMENT_TARGET = 15.5;
				MTL_ENABLE_DEBUG_INFO = NO;
				MTL_FAST_MATH = YES;
				SDKROOT = iphoneos;
				SWIFT_COMPILATION_MODE = wholemodule;
				SWIFT_OPTIMIZATION_LEVEL = "-O";
				VALIDATE_PRODUCT = YES;
			};
			name = Release;
		};
		AA02DD73289A3993007CB3BB /* Debug */ = {
			isa = XCBuildConfiguration;
			buildSettings = {
				ASSETCATALOG_COMPILER_APPICON_NAME = AppIcon;
				ASSETCATALOG_COMPILER_GLOBAL_ACCENT_COLOR_NAME = AccentColor;
				CODE_SIGN_STYLE = Automatic;
				CURRENT_PROJECT_VERSION = 1;
				DEVELOPMENT_ASSET_PATHS = "\"To-Do List/Preview Content\"";
				ENABLE_PREVIEWS = YES;
				GENERATE_INFOPLIST_FILE = YES;
				INFOPLIST_KEY_UIApplicationSceneManifest_Generation = YES;
				INFOPLIST_KEY_UIApplicationSupportsIndirectInputEvents = YES;
				INFOPLIST_KEY_UILaunchScreen_Generation = YES;
				INFOPLIST_KEY_UISupportedInterfaceOrientations_iPad = "UIInterfaceOrientationPortrait UIInterfaceOrientationPortraitUpsideDown UIInterfaceOrientationLandscapeLeft UIInterfaceOrientationLandscapeRight";
				INFOPLIST_KEY_UISupportedInterfaceOrientations_iPhone = "UIInterfaceOrientationPortrait UIInterfaceOrientationLandscapeLeft UIInterfaceOrientationLandscapeRight";
				IPHONEOS_DEPLOYMENT_TARGET = 15.0;
				LD_RUNPATH_SEARCH_PATHS = (
					"$(inherited)",
					"@executable_path/Frameworks",
				);
				MARKETING_VERSION = 1.0;
				PRODUCT_BUNDLE_IDENTIFIER = "mehedihasaan.To-Do-List";
				PRODUCT_NAME = "$(TARGET_NAME)";
				SWIFT_EMIT_LOC_STRINGS = YES;
				SWIFT_VERSION = 5.0;
				TARGETED_DEVICE_FAMILY = "1,2";
			};
			name = Debug;
		};
		AA02DD74289A3993007CB3BB /* Release */ = {
			isa = XCBuildConfiguration;
			buildSettings = {
				ASSETCATALOG_COMPILER_APPICON_NAME = AppIcon;
				ASSETCATALOG_COMPILER_GLOBAL_ACCENT_COLOR_NAME = AccentColor;
				CODE_SIGN_STYLE = Automatic;
				CURRENT_PROJECT_VERSION = 1;
				DEVELOPMENT_ASSET_PATHS = "\"To-Do List/Preview Content\"";
				ENABLE_PREVIEWS = YES;
				GENERATE_INFOPLIST_FILE = YES;
				INFOPLIST_KEY_UIApplicationSceneManifest_Generation = YES;
				INFOPLIST_KEY_UIApplicationSupportsIndirectInputEvents = YES;
				INFOPLIST_KEY_UILaunchScreen_Generation = YES;
				INFOPLIST_KEY_UISupportedInterfaceOrientations_iPad = "UIInterfaceOrientationPortrait UIInterfaceOrientationPortraitUpsideDown UIInterfaceOrientationLandscapeLeft UIInterfaceOrientationLandscapeRight";
				INFOPLIST_KEY_UISupportedInterfaceOrientations_iPhone = "UIInterfaceOrientationPortrait UIInterfaceOrientationLandscapeLeft UIInterfaceOrientationLandscapeRight";
				IPHONEOS_DEPLOYMENT_TARGET = 15.0;
				LD_RUNPATH_SEARCH_PATHS = (
					"$(inherited)",
					"@executable_path/Frameworks",
				);
				MARKETING_VERSION = 1.0;
				PRODUCT_BUNDLE_IDENTIFIER = "mehedihasaan.To-Do-List";
				PRODUCT_NAME = "$(TARGET_NAME)";
				SWIFT_EMIT_LOC_STRINGS = YES;
				SWIFT_VERSION = 5.0;
				TARGETED_DEVICE_FAMILY = "1,2";
			};
			name = Release;
		};
		AA02DD76289A3993007CB3BB /* Debug */ = {
			isa = XCBuildConfiguration;
			buildSettings = {
				ALWAYS_EMBED_SWIFT_STANDARD_LIBRARIES = YES;
				BUNDLE_LOADER = "$(TEST_HOST)";
				CODE_SIGN_STYLE = Automatic;
				CURRENT_PROJECT_VERSION = 1;
				GENERATE_INFOPLIST_FILE = YES;
				IPHONEOS_DEPLOYMENT_TARGET = 15.5;
				MARKETING_VERSION = 1.0;
				PRODUCT_BUNDLE_IDENTIFIER = "mehedihasaan.To-Do-ListTests";
				PRODUCT_NAME = "$(TARGET_NAME)";
				SWIFT_EMIT_LOC_STRINGS = NO;
				SWIFT_VERSION = 5.0;
				TARGETED_DEVICE_FAMILY = "1,2";
				TEST_HOST = "$(BUILT_PRODUCTS_DIR)/To-Do List.app/To-Do List";
			};
			name = Debug;
		};
		AA02DD77289A3993007CB3BB /* Release */ = {
			isa = XCBuildConfiguration;
			buildSettings = {
				ALWAYS_EMBED_SWIFT_STANDARD_LIBRARIES = YES;
				BUNDLE_LOADER = "$(TEST_HOST)";
				CODE_SIGN_STYLE = Automatic;
				CURRENT_PROJECT_VERSION = 1;
				GENERATE_INFOPLIST_FILE = YES;
				IPHONEOS_DEPLOYMENT_TARGET = 15.5;
				MARKETING_VERSION = 1.0;
				PRODUCT_BUNDLE_IDENTIFIER = "mehedihasaan.To-Do-ListTests";
				PRODUCT_NAME = "$(TARGET_NAME)";
				SWIFT_EMIT_LOC_STRINGS = NO;
				SWIFT_VERSION = 5.0;
				TARGETED_DEVICE_FAMILY = "1,2";
				TEST_HOST = "$(BUILT_PRODUCTS_DIR)/To-Do List.app/To-Do List";
			};
			name = Release;
		};
		AA02DD79289A3993007CB3BB /* Debug */ = {
			isa = XCBuildConfiguration;
			buildSettings = {
				ALWAYS_EMBED_SWIFT_STANDARD_LIBRARIES = YES;
				CODE_SIGN_STYLE = Automatic;
				CURRENT_PROJECT_VERSION = 1;
				GENERATE_INFOPLIST_FILE = YES;
				MARKETING_VERSION = 1.0;
				PRODUCT_BUNDLE_IDENTIFIER = "mehedihasaan.To-Do-ListUITests";
				PRODUCT_NAME = "$(TARGET_NAME)";
				SWIFT_EMIT_LOC_STRINGS = NO;
				SWIFT_VERSION = 5.0;
				TARGETED_DEVICE_FAMILY = "1,2";
				TEST_TARGET_NAME = "To-Do List";
			};
			name = Debug;
		};
		AA02DD7A289A3993007CB3BB /* Release */ = {
			isa = XCBuildConfiguration;
			buildSettings = {
				ALWAYS_EMBED_SWIFT_STANDARD_LIBRARIES = YES;
				CODE_SIGN_STYLE = Automatic;
				CURRENT_PROJECT_VERSION = 1;
				GENERATE_INFOPLIST_FILE = YES;
				MARKETING_VERSION = 1.0;
				PRODUCT_BUNDLE_IDENTIFIER = "mehedihasaan.To-Do-ListUITests";
				PRODUCT_NAME = "$(TARGET_NAME)";
				SWIFT_EMIT_LOC_STRINGS = NO;
				SWIFT_VERSION = 5.0;
				TARGETED_DEVICE_FAMILY = "1,2";
				TEST_TARGET_NAME = "To-Do List";
			};
			name = Release;
		};
/* End XCBuildConfiguration section */

/* Begin XCConfigurationList section */
		AA02DD49289A398B007CB3BB /* Build configuration list for PBXProject "To-Do List" */ = {
			isa = XCConfigurationList;
			buildConfigurations = (
				AA02DD70289A3993007CB3BB /* Debug */,
				AA02DD71289A3993007CB3BB /* Release */,
			);
			defaultConfigurationIsVisible = 0;
			defaultConfigurationName = Release;
		};
		AA02DD72289A3993007CB3BB /* Build configuration list for PBXNativeTarget "To-Do List" */ = {
			isa = XCConfigurationList;
			buildConfigurations = (
				AA02DD73289A3993007CB3BB /* Debug */,
				AA02DD74289A3993007CB3BB /* Release */,
			);
			defaultConfigurationIsVisible = 0;
			defaultConfigurationName = Release;
		};
		AA02DD75289A3993007CB3BB /* Build configuration list for PBXNativeTarget "To-Do ListTests" */ = {
			isa = XCConfigurationList;
			buildConfigurations = (
				AA02DD76289A3993007CB3BB /* Debug */,
				AA02DD77289A3993007CB3BB /* Release */,
			);
			defaultConfigurationIsVisible = 0;
			defaultConfigurationName = Release;
		};
		AA02DD78289A3993007CB3BB /* Build configuration list for PBXNativeTarget "To-Do ListUITests" */ = {
			isa = XCConfigurationList;
			buildConfigurations = (
				AA02DD79289A3993007CB3BB /* Debug */,
				AA02DD7A289A3993007CB3BB /* Release */,
			);
			defaultConfigurationIsVisible = 0;
			defaultConfigurationName = Release;
		};
/* End XCConfigurationList section */

/* Begin XCRemoteSwiftPackageReference section */
		AA02476028ACEAD4004A7E41 /* XCRemoteSwiftPackageReference "realm-swift" */ = {
			isa = XCRemoteSwiftPackageReference;
			repositoryURL = "https://github.com/realm/realm-swift";
			requirement = {
				branch = master;
				kind = branch;
			};
		};
/* End XCRemoteSwiftPackageReference section */

/* Begin XCSwiftPackageProductDependency section */
		AA02476128ACEAD4004A7E41 /* Realm */ = {
			isa = XCSwiftPackageProductDependency;
			package = AA02476028ACEAD4004A7E41 /* XCRemoteSwiftPackageReference "realm-swift" */;
			productName = Realm;
		};
		AA02476328ACEAD4004A7E41 /* RealmSwift */ = {
			isa = XCSwiftPackageProductDependency;
			package = AA02476028ACEAD4004A7E41 /* XCRemoteSwiftPackageReference "realm-swift" */;
			productName = RealmSwift;
		};
/* End XCSwiftPackageProductDependency section */
	};
	rootObject = AA02DD46289A398B007CB3BB /* Project object */;
}
